
Microsoft Visual Studio Solution File, Format Version 12.00
# Visual Studio Version 17
VisualStudioVersion = 17.4.33122.133
MinimumVisualStudioVersion = 10.0.40219.1
Project("{FAE04EC0-301F-11D3-BF4B-00C04F79EFBC}") = "ContentTracker", "ContentTracker\ContentTracker.csproj", "{8EAB4105-F83D-45E1-B3A6-9274002AF6AB}"
EndProject
Global
	GlobalSection(SolutionConfigurationPlatforms) = preSolution
		Debug|Any CPU = Debug|Any CPU
		Release|Any CPU = Release|Any CPU
	EndGlobalSection
	GlobalSection(ProjectConfigurationPlatforms) = postSolution
		{8EAB4105-F83D-45E1-B3A6-9274002AF6AB}.Debug|Any CPU.ActiveCfg = Debug|Any CPU
		{8EAB4105-F83D-45E1-B3A6-9274002AF6AB}.Debug|Any CPU.Build.0 = Debug|Any CPU
		{8EAB4105-F83D-45E1-B3A6-9274002AF6AB}.Release|Any CPU.ActiveCfg = Release|Any CPU
		{8EAB4105-F83D-45E1-B3A6-9274002AF6AB}.Release|Any CPU.Build.0 = Release|Any CPU
	EndGlobalSection
	GlobalSection(SolutionProperties) = preSolution
		HideSolutionNode = FALSE
	EndGlobalSection
	GlobalSection(ExtensibilityGlobals) = postSolution
		SolutionGuid = {46801C8D-3D83-419B-B215-16F42CA16860}
	EndGlobalSection
EndGlobal
